// !$*UTF8*$!
{
	archiveVersion = 1;
	classes = {
	};
	objectVersion = 70;
	objects = {

/* Begin PBXBuildFile section */
		61F558832C89D1EE00868AB5 /* AppDelegate.swift in Sources */ = {isa = PBXBuildFile; fileRef = 61F558822C89D1EE00868AB5 /* AppDelegate.swift */; };
		61F558852C89D1EE00868AB5 /* SceneDelegate.swift in Sources */ = {isa = PBXBuildFile; fileRef = 61F558842C89D1EE00868AB5 /* SceneDelegate.swift */; };
		61F558872C89D1EE00868AB5 /* ViewController.swift in Sources */ = {isa = PBXBuildFile; fileRef = 61F558862C89D1EE00868AB5 /* ViewController.swift */; };
		61F5588A2C89D1EE00868AB5 /* Base in Resources */ = {isa = PBXBuildFile; fileRef = 61F558892C89D1EE00868AB5 /* Base */; };
		61F5588C2C89D1EF00868AB5 /* Assets.xcassets in Resources */ = {isa = PBXBuildFile; fileRef = 61F5588B2C89D1EF00868AB5 /* Assets.xcassets */; };
		61F5588F2C89D1EF00868AB5 /* Base in Resources */ = {isa = PBXBuildFile; fileRef = 61F5588E2C89D1EF00868AB5 /* Base */; };
		61F5589A2C89D1EF00868AB5 /* ActivakMagazijnTests.swift in Sources */ = {isa = PBXBuildFile; fileRef = 61F558992C89D1EF00868AB5 /* ActivakMagazijnTests.swift */; };
		61F558A42C89D1EF00868AB5 /* ActivakMagazijnUITests.swift in Sources */ = {isa = PBXBuildFile; fileRef = 61F558A32C89D1EF00868AB5 /* ActivakMagazijnUITests.swift */; };
		61F558A62C89D1EF00868AB5 /* ActivakMagazijnUITestsLaunchTests.swift in Sources */ = {isa = PBXBuildFile; fileRef = 61F558A52C89D1EF00868AB5 /* ActivakMagazijnUITestsLaunchTests.swift */; };
/* End PBXBuildFile section */

/* Begin PBXContainerItemProxy section */
		61F558962C89D1EF00868AB5 /* PBXContainerItemProxy */ = {
			isa = PBXContainerItemProxy;
			containerPortal = 61F558772C89D1EE00868AB5 /* Project object */;
			proxyType = 1;
			remoteGlobalIDString = 61F5587E2C89D1EE00868AB5;
			remoteInfo = ActivakMagazijn;
		};
		61F558A02C89D1EF00868AB5 /* PBXContainerItemProxy */ = {
			isa = PBXContainerItemProxy;
			containerPortal = 61F558772C89D1EE00868AB5 /* Project object */;
			proxyType = 1;
			remoteGlobalIDString = 61F5587E2C89D1EE00868AB5;
			remoteInfo = ActivakMagazijn;
		};
/* End PBXContainerItemProxy section */

/* Begin PBXFileReference section */
		61F5587F2C89D1EE00868AB5 /* ActivakMagazijn.app */ = {isa = PBXFileReference; explicitFileType = wrapper.application; includeInIndex = 0; path = ActivakMagazijn.app; sourceTree = BUILT_PRODUCTS_DIR; };
		61F558822C89D1EE00868AB5 /* AppDelegate.swift */ = {isa = PBXFileReference; lastKnownFileType = sourcecode.swift; path = AppDelegate.swift; sourceTree = "<group>"; };
		61F558842C89D1EE00868AB5 /* SceneDelegate.swift */ = {isa = PBXFileReference; lastKnownFileType = sourcecode.swift; path = SceneDelegate.swift; sourceTree = "<group>"; };
		61F558862C89D1EE00868AB5 /* ViewController.swift */ = {isa = PBXFileReference; lastKnownFileType = sourcecode.swift; path = ViewController.swift; sourceTree = "<group>"; };
		61F558892C89D1EE00868AB5 /* Base */ = {isa = PBXFileReference; lastKnownFileType = file.storyboard; name = Base; path = Base.lproj/Main.storyboard; sourceTree = "<group>"; };
		61F5588B2C89D1EF00868AB5 /* Assets.xcassets */ = {isa = PBXFileReference; lastKnownFileType = folder.assetcatalog; path = Assets.xcassets; sourceTree = "<group>"; };
		61F5588E2C89D1EF00868AB5 /* Base */ = {isa = PBXFileReference; lastKnownFileType = file.storyboard; name = Base; path = Base.lproj/LaunchScreen.storyboard; sourceTree = "<group>"; };
		61F558902C89D1EF00868AB5 /* Info.plist */ = {isa = PBXFileReference; lastKnownFileType = text.plist.xml; path = Info.plist; sourceTree = "<group>"; };
		61F558952C89D1EF00868AB5 /* ActivakMagazijnTests.xctest */ = {isa = PBXFileReference; explicitFileType = wrapper.cfbundle; includeInIndex = 0; path = ActivakMagazijnTests.xctest; sourceTree = BUILT_PRODUCTS_DIR; };
		61F558992C89D1EF00868AB5 /* ActivakMagazijnTests.swift */ = {isa = PBXFileReference; lastKnownFileType = sourcecode.swift; path = ActivakMagazijnTests.swift; sourceTree = "<group>"; };
		61F5589F2C89D1EF00868AB5 /* ActivakMagazijnUITests.xctest */ = {isa = PBXFileReference; explicitFileType = wrapper.cfbundle; includeInIndex = 0; path = ActivakMagazijnUITests.xctest; sourceTree = BUILT_PRODUCTS_DIR; };
		61F558A32C89D1EF00868AB5 /* ActivakMagazijnUITests.swift */ = {isa = PBXFileReference; lastKnownFileType = sourcecode.swift; path = ActivakMagazijnUITests.swift; sourceTree = "<group>"; };
		61F558A52C89D1EF00868AB5 /* ActivakMagazijnUITestsLaunchTests.swift */ = {isa = PBXFileReference; lastKnownFileType = sourcecode.swift; path = ActivakMagazijnUITestsLaunchTests.swift; sourceTree = "<group>"; };
/* End PBXFileReference section */

/* Begin PBXFileSystemSynchronizedBuildFileExceptionSet section */
		61F558B92C89E63300868AB5 /* PBXFileSystemSynchronizedBuildFileExceptionSet */ = {
			isa = PBXFileSystemSynchronizedBuildFileExceptionSet;
			membershipExceptions = (
				ProductCell.swift,
			);
			target = 61F5587E2C89D1EE00868AB5 /* ActivakMagazijn */;
		};
/* End PBXFileSystemSynchronizedBuildFileExceptionSet section */

/* Begin PBXFileSystemSynchronizedRootGroup section */
		61F558B22C89D27200868AB5 /* Viewcontrollers */ = {isa = PBXFileSystemSynchronizedRootGroup; exceptions = (61F558B92C89E63300868AB5 /* PBXFileSystemSynchronizedBuildFileExceptionSet */, ); explicitFileTypes = {}; explicitFolders = (); path = Viewcontrollers; sourceTree = "<group>"; };
		61F558B42C89D85C00868AB5 /* Model */ = {isa = PBXFileSystemSynchronizedRootGroup; explicitFileTypes = {}; explicitFolders = (); path = Model; sourceTree = "<group>"; };
/* End PBXFileSystemSynchronizedRootGroup section */

/* Begin PBXFrameworksBuildPhase section */
		61F5587C2C89D1EE00868AB5 /* Frameworks */ = {
			isa = PBXFrameworksBuildPhase;
			buildActionMask = 2147483647;
			files = (
			);
			runOnlyForDeploymentPostprocessing = 0;
		};
		61F558922C89D1EF00868AB5 /* Frameworks */ = {
			isa = PBXFrameworksBuildPhase;
			buildActionMask = 2147483647;
			files = (
			);
			runOnlyForDeploymentPostprocessing = 0;
		};
		61F5589C2C89D1EF00868AB5 /* Frameworks */ = {
			isa = PBXFrameworksBuildPhase;
			buildActionMask = 2147483647;
			files = (
			);
			runOnlyForDeploymentPostprocessing = 0;
		};
/* End PBXFrameworksBuildPhase section */

/* Begin PBXGroup section */
		61F558762C89D1EE00868AB5 = {
			isa = PBXGroup;
			children = (
				61F558812C89D1EE00868AB5 /* ActivakMagazijn */,
				61F558982C89D1EF00868AB5 /* ActivakMagazijnTests */,
				61F558A22C89D1EF00868AB5 /* ActivakMagazijnUITests */,
				61F558802C89D1EE00868AB5 /* Products */,
			);
			sourceTree = "<group>";
		};
		61F558802C89D1EE00868AB5 /* Products */ = {
			isa = PBXGroup;
			children = (
				61F5587F2C89D1EE00868AB5 /* ActivakMagazijn.app */,
				61F558952C89D1EF00868AB5 /* ActivakMagazijnTests.xctest */,
				61F5589F2C89D1EF00868AB5 /* ActivakMagazijnUITests.xctest */,
			);
			name = Products;
			sourceTree = "<group>";
		};
		61F558812C89D1EE00868AB5 /* ActivakMagazijn */ = {
			isa = PBXGroup;
			children = (
				61F558B42C89D85C00868AB5 /* Model */,
				61F558B22C89D27200868AB5 /* Viewcontrollers */,
				61F558822C89D1EE00868AB5 /* AppDelegate.swift */,
				61F558842C89D1EE00868AB5 /* SceneDelegate.swift */,
				61F558862C89D1EE00868AB5 /* ViewController.swift */,
				61F558882C89D1EE00868AB5 /* Main.storyboard */,
				61F5588B2C89D1EF00868AB5 /* Assets.xcassets */,
				61F5588D2C89D1EF00868AB5 /* LaunchScreen.storyboard */,
				61F558902C89D1EF00868AB5 /* Info.plist */,
			);
			path = ActivakMagazijn;
			sourceTree = "<group>";
		};
		61F558982C89D1EF00868AB5 /* ActivakMagazijnTests */ = {
			isa = PBXGroup;
			children = (
				61F558992C89D1EF00868AB5 /* ActivakMagazijnTests.swift */,
			);
			path = ActivakMagazijnTests;
			sourceTree = "<group>";
		};
		61F558A22C89D1EF00868AB5 /* ActivakMagazijnUITests */ = {
			isa = PBXGroup;
			children = (
				61F558A32C89D1EF00868AB5 /* ActivakMagazijnUITests.swift */,
				61F558A52C89D1EF00868AB5 /* ActivakMagazijnUITestsLaunchTests.swift */,
			);
			path = ActivakMagazijnUITests;
			sourceTree = "<group>";
		};
/* End PBXGroup section */

/* Begin PBXNativeTarget section */
		61F5587E2C89D1EE00868AB5 /* ActivakMagazijn */ = {
			isa = PBXNativeTarget;
			buildConfigurationList = 61F558A92C89D1EF00868AB5 /* Build configuration list for PBXNativeTarget "ActivakMagazijn" */;
			buildPhases = (
				61F5587B2C89D1EE00868AB5 /* Sources */,
				61F5587C2C89D1EE00868AB5 /* Frameworks */,
				61F5587D2C89D1EE00868AB5 /* Resources */,
			);
			buildRules = (
			);
			dependencies = (
			);
			name = ActivakMagazijn;
			productName = ActivakMagazijn;
			productReference = 61F5587F2C89D1EE00868AB5 /* ActivakMagazijn.app */;
			productType = "com.apple.product-type.application";
		};
		61F558942C89D1EF00868AB5 /* ActivakMagazijnTests */ = {
			isa = PBXNativeTarget;
			buildConfigurationList = 61F558AC2C89D1EF00868AB5 /* Build configuration list for PBXNativeTarget "ActivakMagazijnTests" */;
			buildPhases = (
				61F558912C89D1EF00868AB5 /* Sources */,
				61F558922C89D1EF00868AB5 /* Frameworks */,
				61F558932C89D1EF00868AB5 /* Resources */,
			);
			buildRules = (
			);
			dependencies = (
				61F558972C89D1EF00868AB5 /* PBXTargetDependency */,
			);
			name = ActivakMagazijnTests;
			productName = ActivakMagazijnTests;
			productReference = 61F558952C89D1EF00868AB5 /* ActivakMagazijnTests.xctest */;
			productType = "com.apple.product-type.bundle.unit-test";
		};
		61F5589E2C89D1EF00868AB5 /* ActivakMagazijnUITests */ = {
			isa = PBXNativeTarget;
			buildConfigurationList = 61F558AF2C89D1EF00868AB5 /* Build configuration list for PBXNativeTarget "ActivakMagazijnUITests" */;
			buildPhases = (
				61F5589B2C89D1EF00868AB5 /* Sources */,
				61F5589C2C89D1EF00868AB5 /* Frameworks */,
				61F5589D2C89D1EF00868AB5 /* Resources */,
			);
			buildRules = (
			);
			dependencies = (
				61F558A12C89D1EF00868AB5 /* PBXTargetDependency */,
			);
			name = ActivakMagazijnUITests;
			productName = ActivakMagazijnUITests;
			productReference = 61F5589F2C89D1EF00868AB5 /* ActivakMagazijnUITests.xctest */;
			productType = "com.apple.product-type.bundle.ui-testing";
		};
/* End PBXNativeTarget section */

/* Begin PBXProject section */
		61F558772C89D1EE00868AB5 /* Project object */ = {
			isa = PBXProject;
			attributes = {
				BuildIndependentTargetsInParallel = 1;
				LastSwiftUpdateCheck = 1600;
				LastUpgradeCheck = 1600;
				TargetAttributes = {
					61F5587E2C89D1EE00868AB5 = {
						CreatedOnToolsVersion = 16.0;
					};
					61F558942C89D1EF00868AB5 = {
						CreatedOnToolsVersion = 16.0;
						TestTargetID = 61F5587E2C89D1EE00868AB5;
					};
					61F5589E2C89D1EF00868AB5 = {
						CreatedOnToolsVersion = 16.0;
						TestTargetID = 61F5587E2C89D1EE00868AB5;
					};
				};
			};
			buildConfigurationList = 61F5587A2C89D1EE00868AB5 /* Build configuration list for PBXProject "ActivakMagazijn" */;
			compatibilityVersion = "Xcode 15.0";
			developmentRegion = en;
			hasScannedForEncodings = 0;
			knownRegions = (
				en,
				Base,
			);
			mainGroup = 61F558762C89D1EE00868AB5;
			productRefGroup = 61F558802C89D1EE00868AB5 /* Products */;
			projectDirPath = "";
			projectRoot = "";
			targets = (
				61F5587E2C89D1EE00868AB5 /* ActivakMagazijn */,
				61F558942C89D1EF00868AB5 /* ActivakMagazijnTests */,
				61F5589E2C89D1EF00868AB5 /* ActivakMagazijnUITests */,
			);
		};
/* End PBXProject section */

/* Begin PBXResourcesBuildPhase section */
		61F5587D2C89D1EE00868AB5 /* Resources */ = {
			isa = PBXResourcesBuildPhase;
			buildActionMask = 2147483647;
			files = (
				61F5588C2C89D1EF00868AB5 /* Assets.xcassets in Resources */,
				61F5588F2C89D1EF00868AB5 /* Base in Resources */,
				61F5588A2C89D1EE00868AB5 /* Base in Resources */,
			);
			runOnlyForDeploymentPostprocessing = 0;
		};
		61F558932C89D1EF00868AB5 /* Resources */ = {
			isa = PBXResourcesBuildPhase;
			buildActionMask = 2147483647;
			files = (
			);
			runOnlyForDeploymentPostprocessing = 0;
		};
		61F5589D2C89D1EF00868AB5 /* Resources */ = {
			isa = PBXResourcesBuildPhase;
			buildActionMask = 2147483647;
			files = (
			);
			runOnlyForDeploymentPostprocessing = 0;
		};
/* End PBXResourcesBuildPhase section */

/* Begin PBXSourcesBuildPhase section */
		61F5587B2C89D1EE00868AB5 /* Sources */ = {
			isa = PBXSourcesBuildPhase;
			buildActionMask = 2147483647;
			files = (
				61F558872C89D1EE00868AB5 /* ViewController.swift in Sources */,
				61F558832C89D1EE00868AB5 /* AppDelegate.swift in Sources */,
				61F558852C89D1EE00868AB5 /* SceneDelegate.swift in Sources */,
			);
			runOnlyForDeploymentPostprocessing = 0;
		};
		61F558912C89D1EF00868AB5 /* Sources */ = {
			isa = PBXSourcesBuildPhase;
			buildActionMask = 2147483647;
			files = (
				61F5589A2C89D1EF00868AB5 /* ActivakMagazijnTests.swift in Sources */,
			);
			runOnlyForDeploymentPostprocessing = 0;
		};
		61F5589B2C89D1EF00868AB5 /* Sources */ = {
			isa = PBXSourcesBuildPhase;
			buildActionMask = 2147483647;
			files = (
				61F558A42C89D1EF00868AB5 /* ActivakMagazijnUITests.swift in Sources */,
				61F558A62C89D1EF00868AB5 /* ActivakMagazijnUITestsLaunchTests.swift in Sources */,
			);
			runOnlyForDeploymentPostprocessing = 0;
		};
/* End PBXSourcesBuildPhase section */

/* Begin PBXTargetDependency section */
		61F558972C89D1EF00868AB5 /* PBXTargetDependency */ = {
			isa = PBXTargetDependency;
			target = 61F5587E2C89D1EE00868AB5 /* ActivakMagazijn */;
			targetProxy = 61F558962C89D1EF00868AB5 /* PBXContainerItemProxy */;
		};
		61F558A12C89D1EF00868AB5 /* PBXTargetDependency */ = {
			isa = PBXTargetDependency;
			target = 61F5587E2C89D1EE00868AB5 /* ActivakMagazijn */;
			targetProxy = 61F558A02C89D1EF00868AB5 /* PBXContainerItemProxy */;
		};
/* End PBXTargetDependency section */

/* Begin PBXVariantGroup section */
		61F558882C89D1EE00868AB5 /* Main.storyboard */ = {
			isa = PBXVariantGroup;
			children = (
				61F558892C89D1EE00868AB5 /* Base */,
			);
			name = Main.storyboard;
			sourceTree = "<group>";
		};
		61F5588D2C89D1EF00868AB5 /* LaunchScreen.storyboard */ = {
			isa = PBXVariantGroup;
			children = (
				61F5588E2C89D1EF00868AB5 /* Base */,
			);
			name = LaunchScreen.storyboard;
			sourceTree = "<group>";
		};
/* End PBXVariantGroup section */

/* Begin XCBuildConfiguration section */
		61F558A72C89D1EF00868AB5 /* Debug */ = {
			isa = XCBuildConfiguration;
			buildSettings = {
				ALWAYS_SEARCH_USER_PATHS = NO;
				ASSETCATALOG_COMPILER_GENERATE_SWIFT_ASSET_SYMBOL_EXTENSIONS = YES;
				CLANG_ANALYZER_NONNULL = YES;
				CLANG_ANALYZER_NUMBER_OBJECT_CONVERSION = YES_AGGRESSIVE;
				CLANG_CXX_LANGUAGE_STANDARD = "gnu++20";
				CLANG_ENABLE_MODULES = YES;
				CLANG_ENABLE_OBJC_ARC = YES;
				CLANG_ENABLE_OBJC_WEAK = YES;
				CLANG_WARN_BLOCK_CAPTURE_AUTORELEASING = YES;
				CLANG_WARN_BOOL_CONVERSION = YES;
				CLANG_WARN_COMMA = YES;
				CLANG_WARN_CONSTANT_CONVERSION = YES;
				CLANG_WARN_DEPRECATED_OBJC_IMPLEMENTATIONS = YES;
				CLANG_WARN_DIRECT_OBJC_ISA_USAGE = YES_ERROR;
				CLANG_WARN_DOCUMENTATION_COMMENTS = YES;
				CLANG_WARN_EMPTY_BODY = YES;
				CLANG_WARN_ENUM_CONVERSION = YES;
				CLANG_WARN_INFINITE_RECURSION = YES;
				CLANG_WARN_INT_CONVERSION = YES;
				CLANG_WARN_NON_LITERAL_NULL_CONVERSION = YES;
				CLANG_WARN_OBJC_IMPLICIT_RETAIN_SELF = YES;
				CLANG_WARN_OBJC_LITERAL_CONVERSION = YES;
				CLANG_WARN_OBJC_ROOT_CLASS = YES_ERROR;
				CLANG_WARN_QUOTED_INCLUDE_IN_FRAMEWORK_HEADER = YES;
				CLANG_WARN_RANGE_LOOP_ANALYSIS = YES;
				CLANG_WARN_STRICT_PROTOTYPES = YES;
				CLANG_WARN_SUSPICIOUS_MOVE = YES;
				CLANG_WARN_UNGUARDED_AVAILABILITY = YES_AGGRESSIVE;
				CLANG_WARN_UNREACHABLE_CODE = YES;
				CLANG_WARN__DUPLICATE_METHOD_MATCH = YES;
				COPY_PHASE_STRIP = NO;
				DEBUG_INFORMATION_FORMAT = dwarf;
				ENABLE_STRICT_OBJC_MSGSEND = YES;
				ENABLE_TESTABILITY = YES;
				ENABLE_USER_SCRIPT_SANDBOXING = YES;
				GCC_C_LANGUAGE_STANDARD = gnu17;
				GCC_DYNAMIC_NO_PIC = NO;
				GCC_NO_COMMON_BLOCKS = YES;
				GCC_OPTIMIZATION_LEVEL = 0;
				GCC_PREPROCESSOR_DEFINITIONS = (
					"DEBUG=1",
					"$(inherited)",
				);
				GCC_WARN_64_TO_32_BIT_CONVERSION = YES;
				GCC_WARN_ABOUT_RETURN_TYPE = YES_ERROR;
				GCC_WARN_UNDECLARED_SELECTOR = YES;
				GCC_WARN_UNINITIALIZED_AUTOS = YES_AGGRESSIVE;
				GCC_WARN_UNUSED_FUNCTION = YES;
				GCC_WARN_UNUSED_VARIABLE = YES;
				IPHONEOS_DEPLOYMENT_TARGET = 18.0;
				LOCALIZATION_PREFERS_STRING_CATALOGS = YES;
				MTL_ENABLE_DEBUG_INFO = INCLUDE_SOURCE;
				MTL_FAST_MATH = YES;
				ONLY_ACTIVE_ARCH = YES;
				SDKROOT = iphoneos;
				SWIFT_ACTIVE_COMPILATION_CONDITIONS = "DEBUG $(inherited)";
				SWIFT_OPTIMIZATION_LEVEL = "-Onone";
			};
			name = Debug;
		};
		61F558A82C89D1EF00868AB5 /* Release */ = {
			isa = XCBuildConfiguration;
			buildSettings = {
				ALWAYS_SEARCH_USER_PATHS = NO;
				ASSETCATALOG_COMPILER_GENERATE_SWIFT_ASSET_SYMBOL_EXTENSIONS = YES;
				CLANG_ANALYZER_NONNULL = YES;
				CLANG_ANALYZER_NUMBER_OBJECT_CONVERSION = YES_AGGRESSIVE;
				CLANG_CXX_LANGUAGE_STANDARD = "gnu++20";
				CLANG_ENABLE_MODULES = YES;
				CLANG_ENABLE_OBJC_ARC = YES;
				CLANG_ENABLE_OBJC_WEAK = YES;
				CLANG_WARN_BLOCK_CAPTURE_AUTORELEASING = YES;
				CLANG_WARN_BOOL_CONVERSION = YES;
				CLANG_WARN_COMMA = YES;
				CLANG_WARN_CONSTANT_CONVERSION = YES;
				CLANG_WARN_DEPRECATED_OBJC_IMPLEMENTATIONS = YES;
				CLANG_WARN_DIRECT_OBJC_ISA_USAGE = YES_ERROR;
				CLANG_WARN_DOCUMENTATION_COMMENTS = YES;
				CLANG_WARN_EMPTY_BODY = YES;
				CLANG_WARN_ENUM_CONVERSION = YES;
				CLANG_WARN_INFINITE_RECURSION = YES;
				CLANG_WARN_INT_CONVERSION = YES;
				CLANG_WARN_NON_LITERAL_NULL_CONVERSION = YES;
				CLANG_WARN_OBJC_IMPLICIT_RETAIN_SELF = YES;
				CLANG_WARN_OBJC_LITERAL_CONVERSION = YES;
				CLANG_WARN_OBJC_ROOT_CLASS = YES_ERROR;
				CLANG_WARN_QUOTED_INCLUDE_IN_FRAMEWORK_HEADER = YES;
				CLANG_WARN_RANGE_LOOP_ANALYSIS = YES;
				CLANG_WARN_STRICT_PROTOTYPES = YES;
				CLANG_WARN_SUSPICIOUS_MOVE = YES;
				CLANG_WARN_UNGUARDED_AVAILABILITY = YES_AGGRESSIVE;
				CLANG_WARN_UNREACHABLE_CODE = YES;
				CLANG_WARN__DUPLICATE_METHOD_MATCH = YES;
				COPY_PHASE_STRIP = NO;
				DEBUG_INFORMATION_FORMAT = "dwarf-with-dsym";
				ENABLE_NS_ASSERTIONS = NO;
				ENABLE_STRICT_OBJC_MSGSEND = YES;
				ENABLE_USER_SCRIPT_SANDBOXING = YES;
				GCC_C_LANGUAGE_STANDARD = gnu17;
				GCC_NO_COMMON_BLOCKS = YES;
				GCC_WARN_64_TO_32_BIT_CONVERSION = YES;
				GCC_WARN_ABOUT_RETURN_TYPE = YES_ERROR;
				GCC_WARN_UNDECLARED_SELECTOR = YES;
				GCC_WARN_UNINITIALIZED_AUTOS = YES_AGGRESSIVE;
				GCC_WARN_UNUSED_FUNCTION = YES;
				GCC_WARN_UNUSED_VARIABLE = YES;
				IPHONEOS_DEPLOYMENT_TARGET = 18.0;
				LOCALIZATION_PREFERS_STRING_CATALOGS = YES;
				MTL_ENABLE_DEBUG_INFO = NO;
				MTL_FAST_MATH = YES;
				SDKROOT = iphoneos;
				SWIFT_COMPILATION_MODE = wholemodule;
				VALIDATE_PRODUCT = YES;
			};
			name = Release;
		};
		61F558AA2C89D1EF00868AB5 /* Debug */ = {
			isa = XCBuildConfiguration;
			buildSettings = {
				ASSETCATALOG_COMPILER_APPICON_NAME = AppIcon;
				ASSETCATALOG_COMPILER_GLOBAL_ACCENT_COLOR_NAME = AccentColor;
				CODE_SIGN_STYLE = Automatic;
				CURRENT_PROJECT_VERSION = 1;
				DEVELOPMENT_TEAM = 3B379932J4;
				GENERATE_INFOPLIST_FILE = YES;
				INFOPLIST_FILE = ActivakMagazijn/Info.plist;
				INFOPLIST_KEY_LSApplicationCategoryType = "public.app-category.business";
				INFOPLIST_KEY_UIApplicationSupportsIndirectInputEvents = YES;
				INFOPLIST_KEY_UILaunchStoryboardName = LaunchScreen;
				INFOPLIST_KEY_UIMainStoryboardFile = Main;
				INFOPLIST_KEY_UISupportedInterfaceOrientations_iPad = "UIInterfaceOrientationPortrait UIInterfaceOrientationPortraitUpsideDown UIInterfaceOrientationLandscapeLeft UIInterfaceOrientationLandscapeRight";
				INFOPLIST_KEY_UISupportedInterfaceOrientations_iPhone = "UIInterfaceOrientationPortrait UIInterfaceOrientationLandscapeLeft UIInterfaceOrientationLandscapeRight";
				LD_RUNPATH_SEARCH_PATHS = (
					"$(inherited)",
					"@executable_path/Frameworks",
				);
				MARKETING_VERSION = 1.0;
				PRODUCT_BUNDLE_IDENTIFIER = com.activak.ActivakMagazijn;
				PRODUCT_NAME = "$(TARGET_NAME)";
				SWIFT_EMIT_LOC_STRINGS = YES;
				SWIFT_VERSION = 5.0;
				TARGETED_DEVICE_FAMILY = "1,2";
			};
			name = Debug;
		};
		61F558AB2C89D1EF00868AB5 /* Release */ = {
			isa = XCBuildConfiguration;
			buildSettings = {
				ASSETCATALOG_COMPILER_APPICON_NAME = AppIcon;
				ASSETCATALOG_COMPILER_GLOBAL_ACCENT_COLOR_NAME = AccentColor;
				CODE_SIGN_STYLE = Automatic;
				CURRENT_PROJECT_VERSION = 1;
				DEVELOPMENT_TEAM = 3B379932J4;
				GENERATE_INFOPLIST_FILE = YES;
				INFOPLIST_FILE = ActivakMagazijn/Info.plist;
				INFOPLIST_KEY_LSApplicationCategoryType = "public.app-category.business";
				INFOPLIST_KEY_UIApplicationSupportsIndirectInputEvents = YES;
				INFOPLIST_KEY_UILaunchStoryboardName = LaunchScreen;
				INFOPLIST_KEY_UIMainStoryboardFile = Main;
				INFOPLIST_KEY_UISupportedInterfaceOrientations_iPad = "UIInterfaceOrientationPortrait UIInterfaceOrientationPortraitUpsideDown UIInterfaceOrientationLandscapeLeft UIInterfaceOrientationLandscapeRight";
				INFOPLIST_KEY_UISupportedInterfaceOrientations_iPhone = "UIInterfaceOrientationPortrait UIInterfaceOrientationLandscapeLeft UIInterfaceOrientationLandscapeRight";
				LD_RUNPATH_SEARCH_PATHS = (
					"$(inherited)",
					"@executable_path/Frameworks",
				);
				MARKETING_VERSION = 1.0;
				PRODUCT_BUNDLE_IDENTIFIER = com.activak.ActivakMagazijn;
				PRODUCT_NAME = "$(TARGET_NAME)";
				SWIFT_EMIT_LOC_STRINGS = YES;
				SWIFT_VERSION = 5.0;
				TARGETED_DEVICE_FAMILY = "1,2";
			};
			name = Release;
		};
		61F558AD2C89D1EF00868AB5 /* Debug */ = {
			isa = XCBuildConfiguration;
			buildSettings = {
				BUNDLE_LOADER = "$(TEST_HOST)";
				CODE_SIGN_STYLE = Automatic;
				CURRENT_PROJECT_VERSION = 1;
				DEVELOPMENT_TEAM = 3B379932J4;
				GENERATE_INFOPLIST_FILE = YES;
				IPHONEOS_DEPLOYMENT_TARGET = 18.0;
				MARKETING_VERSION = 1.0;
				PRODUCT_BUNDLE_IDENTIFIER = com.activak.ActivakMagazijnTests;
				PRODUCT_NAME = "$(TARGET_NAME)";
				SWIFT_EMIT_LOC_STRINGS = NO;
				SWIFT_VERSION = 5.0;
				TARGETED_DEVICE_FAMILY = "1,2";
				TEST_HOST = "$(BUILT_PRODUCTS_DIR)/ActivakMagazijn.app/$(BUNDLE_EXECUTABLE_FOLDER_PATH)/ActivakMagazijn";
			};
			name = Debug;
		};
		61F558AE2C89D1EF00868AB5 /* Release */ = {
			isa = XCBuildConfiguration;
			buildSettings = {
				BUNDLE_LOADER = "$(TEST_HOST)";
				CODE_SIGN_STYLE = Automatic;
				CURRENT_PROJECT_VERSION = 1;
				DEVELOPMENT_TEAM = 3B379932J4;
				GENERATE_INFOPLIST_FILE = YES;
				IPHONEOS_DEPLOYMENT_TARGET = 18.0;
				MARKETING_VERSION = 1.0;
				PRODUCT_BUNDLE_IDENTIFIER = com.activak.ActivakMagazijnTests;
				PRODUCT_NAME = "$(TARGET_NAME)";
				SWIFT_EMIT_LOC_STRINGS = NO;
				SWIFT_VERSION = 5.0;
				TARGETED_DEVICE_FAMILY = "1,2";
				TEST_HOST = "$(BUILT_PRODUCTS_DIR)/ActivakMagazijn.app/$(BUNDLE_EXECUTABLE_FOLDER_PATH)/ActivakMagazijn";
			};
			name = Release;
		};
		61F558B02C89D1EF00868AB5 /* Debug */ = {
			isa = XCBuildConfiguration;
			buildSettings = {
				CODE_SIGN_STYLE = Automatic;
				CURRENT_PROJECT_VERSION = 1;
				DEVELOPMENT_TEAM = 3B379932J4;
				GENERATE_INFOPLIST_FILE = YES;
				MARKETING_VERSION = 1.0;
				PRODUCT_BUNDLE_IDENTIFIER = com.activak.ActivakMagazijnUITests;
				PRODUCT_NAME = "$(TARGET_NAME)";
				SWIFT_EMIT_LOC_STRINGS = NO;
				SWIFT_VERSION = 5.0;
				TARGETED_DEVICE_FAMILY = "1,2";
				TEST_TARGET_NAME = ActivakMagazijn;
			};
			name = Debug;
		};
		61F558B12C89D1EF00868AB5 /* Release */ = {
			isa = XCBuildConfiguration;
			buildSettings = {
				CODE_SIGN_STYLE = Automatic;
				CURRENT_PROJECT_VERSION = 1;
				DEVELOPMENT_TEAM = 3B379932J4;
				GENERATE_INFOPLIST_FILE = YES;
				MARKETING_VERSION = 1.0;
				PRODUCT_BUNDLE_IDENTIFIER = com.activak.ActivakMagazijnUITests;
				PRODUCT_NAME = "$(TARGET_NAME)";
				SWIFT_EMIT_LOC_STRINGS = NO;
				SWIFT_VERSION = 5.0;
				TARGETED_DEVICE_FAMILY = "1,2";
				TEST_TARGET_NAME = ActivakMagazijn;
			};
			name = Release;
		};
/* End XCBuildConfiguration section */

/* Begin XCConfigurationList section */
		61F5587A2C89D1EE00868AB5 /* Build configuration list for PBXProject "ActivakMagazijn" */ = {
			isa = XCConfigurationList;
			buildConfigurations = (
				61F558A72C89D1EF00868AB5 /* Debug */,
				61F558A82C89D1EF00868AB5 /* Release */,
			);
			defaultConfigurationIsVisible = 0;
			defaultConfigurationName = Release;
		};
		61F558A92C89D1EF00868AB5 /* Build configuration list for PBXNativeTarget "ActivakMagazijn" */ = {
			isa = XCConfigurationList;
			buildConfigurations = (
				61F558AA2C89D1EF00868AB5 /* Debug */,
				61F558AB2C89D1EF00868AB5 /* Release */,
			);
			defaultConfigurationIsVisible = 0;
			defaultConfigurationName = Release;
		};
		61F558AC2C89D1EF00868AB5 /* Build configuration list for PBXNativeTarget "ActivakMagazijnTests" */ = {
			isa = XCConfigurationList;
			buildConfigurations = (
				61F558AD2C89D1EF00868AB5 /* Debug */,
				61F558AE2C89D1EF00868AB5 /* Release */,
			);
			defaultConfigurationIsVisible = 0;
			defaultConfigurationName = Release;
		};
		61F558AF2C89D1EF00868AB5 /* Build configuration list for PBXNativeTarget "ActivakMagazijnUITests" */ = {
			isa = XCConfigurationList;
			buildConfigurations = (
				61F558B02C89D1EF00868AB5 /* Debug */,
				61F558B12C89D1EF00868AB5 /* Release */,
			);
			defaultConfigurationIsVisible = 0;
			defaultConfigurationName = Release;
		};
/* End XCConfigurationList section */
	};
	rootObject = 61F558772C89D1EE00868AB5 /* Project object */;
}
